// !$*UTF8*$!
{
	archiveVersion = 1;
	classes = {
	};
	objectVersion = 50;
	objects = {

/* Begin PBXBuildFile section */
		3553B1ED222AE6990030CDEA /* AppDelegate.swift in Sources */ = {isa = PBXBuildFile; fileRef = 3553B1EC222AE6990030CDEA /* AppDelegate.swift */; };
		3553B1EF222AE6990030CDEA /* ViewController.swift in Sources */ = {isa = PBXBuildFile; fileRef = 3553B1EE222AE6990030CDEA /* ViewController.swift */; };
		3553B1F2222AE6990030CDEA /* Main.storyboard in Resources */ = {isa = PBXBuildFile; fileRef = 3553B1F0222AE6990030CDEA /* Main.storyboard */; };
		3553B1F4222AE69A0030CDEA /* Assets.xcassets in Resources */ = {isa = PBXBuildFile; fileRef = 3553B1F3222AE69A0030CDEA /* Assets.xcassets */; };
		3553B1F7222AE69A0030CDEA /* LaunchScreen.storyboard in Resources */ = {isa = PBXBuildFile; fileRef = 3553B1F5222AE69A0030CDEA /* LaunchScreen.storyboard */; };
		3553B202222AE69A0030CDEA /* EventTrackerKeyTests.swift in Sources */ = {isa = PBXBuildFile; fileRef = 3553B201222AE69A0030CDEA /* EventTrackerKeyTests.swift */; };
		3553B214222AE7D20030CDEA /* Analytics.swift in Sources */ = {isa = PBXBuildFile; fileRef = 3553B20D222AE7D20030CDEA /* Analytics.swift */; };
		3553B215222AE7D20030CDEA /* EventTrackerKey.swift in Sources */ = {isa = PBXBuildFile; fileRef = 3553B20E222AE7D20030CDEA /* EventTrackerKey.swift */; };
		3553B216222AE7D20030CDEA /* EventTracker.swift in Sources */ = {isa = PBXBuildFile; fileRef = 3553B210222AE7D20030CDEA /* EventTracker.swift */; };
		3553B218222AE7D20030CDEA /* AnalyticsEvent.swift in Sources */ = {isa = PBXBuildFile; fileRef = 3553B212222AE7D20030CDEA /* AnalyticsEvent.swift */; };
		3553B219222AE7D20030CDEA /* AnalyticsScope.swift in Sources */ = {isa = PBXBuildFile; fileRef = 3553B213222AE7D20030CDEA /* AnalyticsScope.swift */; };
		AE3774EC22A5A26400B92B2F /* AnalyticsParameter.swift in Sources */ = {isa = PBXBuildFile; fileRef = AE3774EB22A5A26400B92B2F /* AnalyticsParameter.swift */; };
		AE3774EF22A6AAFA00B92B2F /* AnalyticsCoreTests.swift in Sources */ = {isa = PBXBuildFile; fileRef = AE3774EE22A6AAFA00B92B2F /* AnalyticsCoreTests.swift */; };
		AE3774F122A6AD0F00B92B2F /* LaunchOnlyTracker.swift in Sources */ = {isa = PBXBuildFile; fileRef = AE3774F022A6AD0F00B92B2F /* LaunchOnlyTracker.swift */; };
		AE3774F322A6BFA000B92B2F /* MockAlwaysSupportedEventTracker.swift in Sources */ = {isa = PBXBuildFile; fileRef = AE3774F222A6BFA000B92B2F /* MockAlwaysSupportedEventTracker.swift */; };
		AE3774F522A6BFE300B92B2F /* AnalyticsParameterTests.swift in Sources */ = {isa = PBXBuildFile; fileRef = AE3774F422A6BFE300B92B2F /* AnalyticsParameterTests.swift */; };
		AE3774F722A6C0C300B92B2F /* MockNeverSupportedEventTracker.swift in Sources */ = {isa = PBXBuildFile; fileRef = AE3774F622A6C0C300B92B2F /* MockNeverSupportedEventTracker.swift */; };
		AE3774F922A6C23300B92B2F /* MockAnalyticsEvent.swift in Sources */ = {isa = PBXBuildFile; fileRef = AE3774F822A6C23300B92B2F /* MockAnalyticsEvent.swift */; };
		AE3774FB22A6C34D00B92B2F /* MockAnalyticsParameter.swift in Sources */ = {isa = PBXBuildFile; fileRef = AE3774FA22A6C34D00B92B2F /* MockAnalyticsParameter.swift */; };
		AE3774FD22A6C7B200B92B2F /* FailureHandler.swift in Sources */ = {isa = PBXBuildFile; fileRef = AE3774FC22A6C7B200B92B2F /* FailureHandler.swift */; };
		AE3774FF22A6C86A00B92B2F /* SimpleFailureHandler.swift in Sources */ = {isa = PBXBuildFile; fileRef = AE3774FE22A6C86A00B92B2F /* SimpleFailureHandler.swift */; };
		AE37750122A6CA0200B92B2F /* MockFailureHandler.swift in Sources */ = {isa = PBXBuildFile; fileRef = AE37750022A6CA0200B92B2F /* MockFailureHandler.swift */; };
		AE37751722A6D5F700B92B2F /* ViewControllerTests.swift in Sources */ = {isa = PBXBuildFile; fileRef = AE37751622A6D5F700B92B2F /* ViewControllerTests.swift */; };
		AE7B15EE22A5669B00FAA468 /* ExampleParameters.swift in Sources */ = {isa = PBXBuildFile; fileRef = AE7B15ED22A5669B00FAA468 /* ExampleParameters.swift */; };
		AE7B15F022A5670700FAA468 /* ExampleTracker.swift in Sources */ = {isa = PBXBuildFile; fileRef = AE7B15EF22A5670700FAA468 /* ExampleTracker.swift */; };
		AE7B15F222A5678400FAA468 /* ExampleEvents.swift in Sources */ = {isa = PBXBuildFile; fileRef = AE7B15F122A5678400FAA468 /* ExampleEvents.swift */; };
		AE7B15F422A5680B00FAA468 /* EventTrackerKeys.swift in Sources */ = {isa = PBXBuildFile; fileRef = AE7B15F322A5680B00FAA468 /* EventTrackerKeys.swift */; };
		AEE8551522A6F68600C14622 /* EmptyParameter.swift in Sources */ = {isa = PBXBuildFile; fileRef = AEE8551422A6F68600C14622 /* EmptyParameter.swift */; };
		AEE8551622A6F80500C14622 /* WildcardEventTracker.swift in Sources */ = {isa = PBXBuildFile; fileRef = AE37751A22A6D7A900B92B2F /* WildcardEventTracker.swift */; };
		CF405A90139B1398D354413C /* Pods_AnalyticFramework.framework in Frameworks */ = {isa = PBXBuildFile; fileRef = 6CE232DD22A8C3DC53037A1E /* Pods_AnalyticFramework.framework */; };
/* End PBXBuildFile section */

/* Begin PBXContainerItemProxy section */
		3553B1FE222AE69A0030CDEA /* PBXContainerItemProxy */ = {
			isa = PBXContainerItemProxy;
			containerPortal = 3553B1E1222AE6990030CDEA /* Project object */;
			proxyType = 1;
			remoteGlobalIDString = 3553B1E8222AE6990030CDEA;
			remoteInfo = AnalyticFramework;
		};
		AE37750522A6D58E00B92B2F /* PBXContainerItemProxy */ = {
			isa = PBXContainerItemProxy;
			containerPortal = 3553B1E1222AE6990030CDEA /* Project object */;
			proxyType = 1;
			remoteGlobalIDString = 3553B1E8222AE6990030CDEA;
			remoteInfo = AnalyticFramework;
		};
/* End PBXContainerItemProxy section */

/* Begin PBXFileReference section */
		3553B1E9222AE6990030CDEA /* AnalyticFramework.app */ = {isa = PBXFileReference; explicitFileType = wrapper.application; includeInIndex = 0; path = AnalyticFramework.app; sourceTree = BUILT_PRODUCTS_DIR; };
		3553B1EC222AE6990030CDEA /* AppDelegate.swift */ = {isa = PBXFileReference; lastKnownFileType = sourcecode.swift; path = AppDelegate.swift; sourceTree = "<group>"; };
		3553B1EE222AE6990030CDEA /* ViewController.swift */ = {isa = PBXFileReference; lastKnownFileType = sourcecode.swift; path = ViewController.swift; sourceTree = "<group>"; };
		3553B1F1222AE6990030CDEA /* Base */ = {isa = PBXFileReference; lastKnownFileType = file.storyboard; name = Base; path = Base.lproj/Main.storyboard; sourceTree = "<group>"; };
		3553B1F3222AE69A0030CDEA /* Assets.xcassets */ = {isa = PBXFileReference; lastKnownFileType = folder.assetcatalog; path = Assets.xcassets; sourceTree = "<group>"; };
		3553B1F6222AE69A0030CDEA /* Base */ = {isa = PBXFileReference; lastKnownFileType = file.storyboard; name = Base; path = Base.lproj/LaunchScreen.storyboard; sourceTree = "<group>"; };
		3553B1F8222AE69A0030CDEA /* Info.plist */ = {isa = PBXFileReference; lastKnownFileType = text.plist.xml; path = Info.plist; sourceTree = "<group>"; };
		3553B1FD222AE69A0030CDEA /* AnalyticFrameworkTests.xctest */ = {isa = PBXFileReference; explicitFileType = wrapper.cfbundle; includeInIndex = 0; path = AnalyticFrameworkTests.xctest; sourceTree = BUILT_PRODUCTS_DIR; };
		3553B201222AE69A0030CDEA /* EventTrackerKeyTests.swift */ = {isa = PBXFileReference; lastKnownFileType = sourcecode.swift; path = EventTrackerKeyTests.swift; sourceTree = "<group>"; };
		3553B203222AE69A0030CDEA /* Info.plist */ = {isa = PBXFileReference; lastKnownFileType = text.plist.xml; path = Info.plist; sourceTree = "<group>"; };
		3553B20D222AE7D20030CDEA /* Analytics.swift */ = {isa = PBXFileReference; fileEncoding = 4; lastKnownFileType = sourcecode.swift; path = Analytics.swift; sourceTree = "<group>"; };
		3553B20E222AE7D20030CDEA /* EventTrackerKey.swift */ = {isa = PBXFileReference; fileEncoding = 4; lastKnownFileType = sourcecode.swift; path = EventTrackerKey.swift; sourceTree = "<group>"; };
		3553B210222AE7D20030CDEA /* EventTracker.swift */ = {isa = PBXFileReference; fileEncoding = 4; lastKnownFileType = sourcecode.swift; path = EventTracker.swift; sourceTree = "<group>"; };
		3553B212222AE7D20030CDEA /* AnalyticsEvent.swift */ = {isa = PBXFileReference; fileEncoding = 4; lastKnownFileType = sourcecode.swift; path = AnalyticsEvent.swift; sourceTree = "<group>"; };
		3553B213222AE7D20030CDEA /* AnalyticsScope.swift */ = {isa = PBXFileReference; fileEncoding = 4; lastKnownFileType = sourcecode.swift; path = AnalyticsScope.swift; sourceTree = "<group>"; };
		3D6E5911F4AAD94C7BC6C8B9 /* Pods-AnalyticFramework.release.xcconfig */ = {isa = PBXFileReference; includeInIndex = 1; lastKnownFileType = text.xcconfig; name = "Pods-AnalyticFramework.release.xcconfig"; path = "Pods/Target Support Files/Pods-AnalyticFramework/Pods-AnalyticFramework.release.xcconfig"; sourceTree = "<group>"; };
		482C9B89E7DA2AEF62E2591F /* Pods-AnalyticFramework.debug.xcconfig */ = {isa = PBXFileReference; includeInIndex = 1; lastKnownFileType = text.xcconfig; name = "Pods-AnalyticFramework.debug.xcconfig"; path = "Pods/Target Support Files/Pods-AnalyticFramework/Pods-AnalyticFramework.debug.xcconfig"; sourceTree = "<group>"; };
		6CE232DD22A8C3DC53037A1E /* Pods_AnalyticFramework.framework */ = {isa = PBXFileReference; explicitFileType = wrapper.framework; includeInIndex = 0; path = Pods_AnalyticFramework.framework; sourceTree = BUILT_PRODUCTS_DIR; };
		AE3774EB22A5A26400B92B2F /* AnalyticsParameter.swift */ = {isa = PBXFileReference; lastKnownFileType = sourcecode.swift; path = AnalyticsParameter.swift; sourceTree = "<group>"; };
		AE3774EE22A6AAFA00B92B2F /* AnalyticsCoreTests.swift */ = {isa = PBXFileReference; lastKnownFileType = sourcecode.swift; path = AnalyticsCoreTests.swift; sourceTree = "<group>"; };
		AE3774F022A6AD0F00B92B2F /* LaunchOnlyTracker.swift */ = {isa = PBXFileReference; lastKnownFileType = sourcecode.swift; path = LaunchOnlyTracker.swift; sourceTree = "<group>"; };
		AE3774F222A6BFA000B92B2F /* MockAlwaysSupportedEventTracker.swift */ = {isa = PBXFileReference; lastKnownFileType = sourcecode.swift; path = MockAlwaysSupportedEventTracker.swift; sourceTree = "<group>"; };
		AE3774F422A6BFE300B92B2F /* AnalyticsParameterTests.swift */ = {isa = PBXFileReference; lastKnownFileType = sourcecode.swift; path = AnalyticsParameterTests.swift; sourceTree = "<group>"; };
		AE3774F622A6C0C300B92B2F /* MockNeverSupportedEventTracker.swift */ = {isa = PBXFileReference; lastKnownFileType = sourcecode.swift; path = MockNeverSupportedEventTracker.swift; sourceTree = "<group>"; };
		AE3774F822A6C23300B92B2F /* MockAnalyticsEvent.swift */ = {isa = PBXFileReference; lastKnownFileType = sourcecode.swift; path = MockAnalyticsEvent.swift; sourceTree = "<group>"; };
		AE3774FA22A6C34D00B92B2F /* MockAnalyticsParameter.swift */ = {isa = PBXFileReference; lastKnownFileType = sourcecode.swift; path = MockAnalyticsParameter.swift; sourceTree = "<group>"; };
		AE3774FC22A6C7B200B92B2F /* FailureHandler.swift */ = {isa = PBXFileReference; lastKnownFileType = sourcecode.swift; path = FailureHandler.swift; sourceTree = "<group>"; };
		AE3774FE22A6C86A00B92B2F /* SimpleFailureHandler.swift */ = {isa = PBXFileReference; lastKnownFileType = sourcecode.swift; path = SimpleFailureHandler.swift; sourceTree = "<group>"; };
		AE37750022A6CA0200B92B2F /* MockFailureHandler.swift */ = {isa = PBXFileReference; lastKnownFileType = sourcecode.swift; path = MockFailureHandler.swift; sourceTree = "<group>"; };
		AE37751422A6D58E00B92B2F /* AnalyticFrameworkAppTests.xctest */ = {isa = PBXFileReference; explicitFileType = wrapper.cfbundle; includeInIndex = 0; path = AnalyticFrameworkAppTests.xctest; sourceTree = BUILT_PRODUCTS_DIR; };
		AE37751522A6D58F00B92B2F /* AnalyticFrameworkAppTests-Info.plist */ = {isa = PBXFileReference; lastKnownFileType = text.plist.xml; name = "AnalyticFrameworkAppTests-Info.plist"; path = "/Users/quinton.pryce/Documents/Git/textnow-ios5/AnalyticFramework/AnalyticFrameworkAppTests-Info.plist"; sourceTree = "<absolute>"; };
		AE37751622A6D5F700B92B2F /* ViewControllerTests.swift */ = {isa = PBXFileReference; lastKnownFileType = sourcecode.swift; path = ViewControllerTests.swift; sourceTree = "<group>"; };
		AE37751A22A6D7A900B92B2F /* WildcardEventTracker.swift */ = {isa = PBXFileReference; lastKnownFileType = sourcecode.swift; path = WildcardEventTracker.swift; sourceTree = "<group>"; };
		AE7B15ED22A5669B00FAA468 /* ExampleParameters.swift */ = {isa = PBXFileReference; lastKnownFileType = sourcecode.swift; path = ExampleParameters.swift; sourceTree = "<group>"; };
		AE7B15EF22A5670700FAA468 /* ExampleTracker.swift */ = {isa = PBXFileReference; lastKnownFileType = sourcecode.swift; path = ExampleTracker.swift; sourceTree = "<group>"; };
		AE7B15F122A5678400FAA468 /* ExampleEvents.swift */ = {isa = PBXFileReference; lastKnownFileType = sourcecode.swift; path = ExampleEvents.swift; sourceTree = "<group>"; };
		AE7B15F322A5680B00FAA468 /* EventTrackerKeys.swift */ = {isa = PBXFileReference; lastKnownFileType = sourcecode.swift; path = EventTrackerKeys.swift; sourceTree = "<group>"; };
		AEE8551422A6F68600C14622 /* EmptyParameter.swift */ = {isa = PBXFileReference; lastKnownFileType = sourcecode.swift; path = EmptyParameter.swift; sourceTree = "<group>"; };
/* End PBXFileReference section */

/* Begin PBXFrameworksBuildPhase section */
		3553B1E6222AE6990030CDEA /* Frameworks */ = {
			isa = PBXFrameworksBuildPhase;
			buildActionMask = 2147483647;
			files = (
				CF405A90139B1398D354413C /* Pods_AnalyticFramework.framework in Frameworks */,
			);
			runOnlyForDeploymentPostprocessing = 0;
		};
		3553B1FA222AE69A0030CDEA /* Frameworks */ = {
			isa = PBXFrameworksBuildPhase;
			buildActionMask = 2147483647;
			files = (
			);
			runOnlyForDeploymentPostprocessing = 0;
		};
		AE37750F22A6D58E00B92B2F /* Frameworks */ = {
			isa = PBXFrameworksBuildPhase;
			buildActionMask = 2147483647;
			files = (
			);
			runOnlyForDeploymentPostprocessing = 0;
		};
/* End PBXFrameworksBuildPhase section */

/* Begin PBXGroup section */
		00BFD8FE1DD1535C53A9F2CE /* Pods */ = {
			isa = PBXGroup;
			children = (
				482C9B89E7DA2AEF62E2591F /* Pods-AnalyticFramework.debug.xcconfig */,
				3D6E5911F4AAD94C7BC6C8B9 /* Pods-AnalyticFramework.release.xcconfig */,
			);
			name = Pods;
			sourceTree = "<group>";
		};
		3553B1E0222AE6990030CDEA = {
			isa = PBXGroup;
			children = (
				3553B20C222AE7D20030CDEA /* AnalyticFramework */,
				3553B1EB222AE6990030CDEA /* AnalyticFrameworkApp */,
				AE37750222A6CC4000B92B2F /* AnalyticFrameworkAppTests */,
				3553B200222AE69A0030CDEA /* AnalyticFrameworkTests */,
				3553B1EA222AE6990030CDEA /* Products */,
				00BFD8FE1DD1535C53A9F2CE /* Pods */,
				ECCD724BF5F6050B86485F32 /* Frameworks */,
			);
			sourceTree = "<group>";
		};
		3553B1EA222AE6990030CDEA /* Products */ = {
			isa = PBXGroup;
			children = (
				3553B1E9222AE6990030CDEA /* AnalyticFramework.app */,
				3553B1FD222AE69A0030CDEA /* AnalyticFrameworkTests.xctest */,
				AE37751422A6D58E00B92B2F /* AnalyticFrameworkAppTests.xctest */,
			);
			name = Products;
			sourceTree = "<group>";
		};
		3553B1EB222AE6990030CDEA /* AnalyticFrameworkApp */ = {
			isa = PBXGroup;
			children = (
				3553B1EC222AE6990030CDEA /* AppDelegate.swift */,
				3553B1EE222AE6990030CDEA /* ViewController.swift */,
				AE7B15ED22A5669B00FAA468 /* ExampleParameters.swift */,
				AE7B15F322A5680B00FAA468 /* EventTrackerKeys.swift */,
				AE7B15EF22A5670700FAA468 /* ExampleTracker.swift */,
				AE3774F022A6AD0F00B92B2F /* LaunchOnlyTracker.swift */,
				AE7B15F122A5678400FAA468 /* ExampleEvents.swift */,
				3553B1F0222AE6990030CDEA /* Main.storyboard */,
				3553B1F3222AE69A0030CDEA /* Assets.xcassets */,
				3553B1F5222AE69A0030CDEA /* LaunchScreen.storyboard */,
				3553B1F8222AE69A0030CDEA /* Info.plist */,
			);
			path = AnalyticFrameworkApp;
			sourceTree = "<group>";
		};
		3553B200222AE69A0030CDEA /* AnalyticFrameworkTests */ = {
			isa = PBXGroup;
			children = (
				3553B201222AE69A0030CDEA /* EventTrackerKeyTests.swift */,
				AE3774EE22A6AAFA00B92B2F /* AnalyticsCoreTests.swift */,
				AE3774F422A6BFE300B92B2F /* AnalyticsParameterTests.swift */,
				AE3774F222A6BFA000B92B2F /* MockAlwaysSupportedEventTracker.swift */,
				AE3774F822A6C23300B92B2F /* MockAnalyticsEvent.swift */,
				AE3774FA22A6C34D00B92B2F /* MockAnalyticsParameter.swift */,
				AE37750022A6CA0200B92B2F /* MockFailureHandler.swift */,
				AE3774F622A6C0C300B92B2F /* MockNeverSupportedEventTracker.swift */,
				3553B203222AE69A0030CDEA /* Info.plist */,
			);
			path = AnalyticFrameworkTests;
			sourceTree = "<group>";
		};
		3553B20C222AE7D20030CDEA /* AnalyticFramework */ = {
			isa = PBXGroup;
			children = (
				3553B20D222AE7D20030CDEA /* Analytics.swift */,
				3553B20E222AE7D20030CDEA /* EventTrackerKey.swift */,
				AEE8551A22A6F97100C14622 /* Internal */,
				3553B20F222AE7D20030CDEA /* Protocols */,
			);
			path = AnalyticFramework;
			sourceTree = "<group>";
		};
		3553B20F222AE7D20030CDEA /* Protocols */ = {
			isa = PBXGroup;
			children = (
				AE3774FC22A6C7B200B92B2F /* FailureHandler.swift */,
				3553B210222AE7D20030CDEA /* EventTracker.swift */,
				AE3774EB22A5A26400B92B2F /* AnalyticsParameter.swift */,
				3553B212222AE7D20030CDEA /* AnalyticsEvent.swift */,
				3553B213222AE7D20030CDEA /* AnalyticsScope.swift */,
			);
			path = Protocols;
			sourceTree = "<group>";
		};
		AE37750222A6CC4000B92B2F /* AnalyticFrameworkAppTests */ = {
			isa = PBXGroup;
			children = (
				AE37751622A6D5F700B92B2F /* ViewControllerTests.swift */,
				AE37751A22A6D7A900B92B2F /* WildcardEventTracker.swift */,
				AE37751522A6D58F00B92B2F /* AnalyticFrameworkAppTests-Info.plist */,
			);
			path = AnalyticFrameworkAppTests;
			sourceTree = "<group>";
		};
		AEE8551A22A6F97100C14622 /* Internal */ = {
			isa = PBXGroup;
			children = (
				AEE8551422A6F68600C14622 /* EmptyParameter.swift */,
				AE3774FE22A6C86A00B92B2F /* SimpleFailureHandler.swift */,
			);
			path = Internal;
			sourceTree = "<group>";
		};
		ECCD724BF5F6050B86485F32 /* Frameworks */ = {
			isa = PBXGroup;
			children = (
				6CE232DD22A8C3DC53037A1E /* Pods_AnalyticFramework.framework */,
			);
			name = Frameworks;
			sourceTree = "<group>";
		};
/* End PBXGroup section */

/* Begin PBXNativeTarget section */
		3553B1E8222AE6990030CDEA /* AnalyticFramework */ = {
			isa = PBXNativeTarget;
			buildConfigurationList = 3553B206222AE69A0030CDEA /* Build configuration list for PBXNativeTarget "AnalyticFramework" */;
			buildPhases = (
				90D3455E41C68B04518651CD /* [CP] Check Pods Manifest.lock */,
				3553B21A222AED8A0030CDEA /* Swiftlint */,
				3553B1E5222AE6990030CDEA /* Sources */,
				3553B1E6222AE6990030CDEA /* Frameworks */,
				3553B1E7222AE6990030CDEA /* Resources */,
				F0E8A73AF5FD69637CF5705D /* [CP] Embed Pods Frameworks */,
				F454BFC25D60F5BFBBA1F35D /* [CP] Copy Pods Resources */,
			);
			buildRules = (
			);
			dependencies = (
			);
			name = AnalyticFramework;
			productName = AnalyticFramework;
			productReference = 3553B1E9222AE6990030CDEA /* AnalyticFramework.app */;
			productType = "com.apple.product-type.application";
		};
		3553B1FC222AE69A0030CDEA /* AnalyticFrameworkTests */ = {
			isa = PBXNativeTarget;
			buildConfigurationList = 3553B209222AE69A0030CDEA /* Build configuration list for PBXNativeTarget "AnalyticFrameworkTests" */;
			buildPhases = (
				3553B1F9222AE69A0030CDEA /* Sources */,
				3553B1FA222AE69A0030CDEA /* Frameworks */,
				3553B1FB222AE69A0030CDEA /* Resources */,
			);
			buildRules = (
			);
			dependencies = (
				3553B1FF222AE69A0030CDEA /* PBXTargetDependency */,
			);
			name = AnalyticFrameworkTests;
			productName = AnalyticFrameworkTests;
			productReference = 3553B1FD222AE69A0030CDEA /* AnalyticFrameworkTests.xctest */;
			productType = "com.apple.product-type.bundle.unit-test";
		};
		AE37750322A6D58E00B92B2F /* AnalyticFrameworkAppTests */ = {
			isa = PBXNativeTarget;
			buildConfigurationList = AE37751122A6D58E00B92B2F /* Build configuration list for PBXNativeTarget "AnalyticFrameworkAppTests" */;
			buildPhases = (
				AE37750622A6D58E00B92B2F /* Sources */,
				AE37750F22A6D58E00B92B2F /* Frameworks */,
				AE37751022A6D58E00B92B2F /* Resources */,
			);
			buildRules = (
			);
			dependencies = (
				AE37750422A6D58E00B92B2F /* PBXTargetDependency */,
			);
			name = AnalyticFrameworkAppTests;
			productName = AnalyticFrameworkTests;
			productReference = AE37751422A6D58E00B92B2F /* AnalyticFrameworkAppTests.xctest */;
			productType = "com.apple.product-type.bundle.unit-test";
		};
/* End PBXNativeTarget section */

/* Begin PBXProject section */
		3553B1E1222AE6990030CDEA /* Project object */ = {
			isa = PBXProject;
			attributes = {
				LastSwiftUpdateCheck = 1010;
				LastUpgradeCheck = 1010;
				ORGANIZATIONNAME = enflick;
				TargetAttributes = {
					3553B1E8222AE6990030CDEA = {
						CreatedOnToolsVersion = 10.1;
					};
					3553B1FC222AE69A0030CDEA = {
						CreatedOnToolsVersion = 10.1;
						TestTargetID = 3553B1E8222AE6990030CDEA;
					};
					AE37750322A6D58E00B92B2F = {
						LastSwiftMigration = 1020;
					};
				};
			};
			buildConfigurationList = 3553B1E4222AE6990030CDEA /* Build configuration list for PBXProject "AnalyticFramework" */;
			compatibilityVersion = "Xcode 9.3";
			developmentRegion = en;
			hasScannedForEncodings = 0;
			knownRegions = (
				en,
				Base,
			);
			mainGroup = 3553B1E0222AE6990030CDEA;
			productRefGroup = 3553B1EA222AE6990030CDEA /* Products */;
			projectDirPath = "";
			projectRoot = "";
			targets = (
				3553B1E8222AE6990030CDEA /* AnalyticFramework */,
				3553B1FC222AE69A0030CDEA /* AnalyticFrameworkTests */,
				AE37750322A6D58E00B92B2F /* AnalyticFrameworkAppTests */,
			);
		};
/* End PBXProject section */

/* Begin PBXResourcesBuildPhase section */
		3553B1E7222AE6990030CDEA /* Resources */ = {
			isa = PBXResourcesBuildPhase;
			buildActionMask = 2147483647;
			files = (
				3553B1F7222AE69A0030CDEA /* LaunchScreen.storyboard in Resources */,
				3553B1F4222AE69A0030CDEA /* Assets.xcassets in Resources */,
				3553B1F2222AE6990030CDEA /* Main.storyboard in Resources */,
			);
			runOnlyForDeploymentPostprocessing = 0;
		};
		3553B1FB222AE69A0030CDEA /* Resources */ = {
			isa = PBXResourcesBuildPhase;
			buildActionMask = 2147483647;
			files = (
			);
			runOnlyForDeploymentPostprocessing = 0;
		};
		AE37751022A6D58E00B92B2F /* Resources */ = {
			isa = PBXResourcesBuildPhase;
			buildActionMask = 2147483647;
			files = (
			);
			runOnlyForDeploymentPostprocessing = 0;
		};
/* End PBXResourcesBuildPhase section */

/* Begin PBXShellScriptBuildPhase section */
		3553B21A222AED8A0030CDEA /* Swiftlint */ = {
			isa = PBXShellScriptBuildPhase;
			buildActionMask = 2147483647;
			files = (
			);
			inputFileListPaths = (
			);
			inputPaths = (
			);
			name = Swiftlint;
			outputFileListPaths = (
			);
			outputPaths = (
			);
			runOnlyForDeploymentPostprocessing = 0;
			shellPath = "#!/usr/bin/ruby";
			shellScript = "\"${PODS_ROOT}/SwiftLint/swiftlint\" --config ${SRCROOT}/fastlane/.swiftlint.yml\n";
			showEnvVarsInLog = 0;
		};
		90D3455E41C68B04518651CD /* [CP] Check Pods Manifest.lock */ = {
			isa = PBXShellScriptBuildPhase;
			buildActionMask = 2147483647;
			files = (
			);
			inputFileListPaths = (
			);
			inputPaths = (
				"${PODS_PODFILE_DIR_PATH}/Podfile.lock",
				"${PODS_ROOT}/Manifest.lock",
			);
			name = "[CP] Check Pods Manifest.lock";
			outputFileListPaths = (
			);
			outputPaths = (
				"$(DERIVED_FILE_DIR)/Pods-AnalyticFramework-checkManifestLockResult.txt",
			);
			runOnlyForDeploymentPostprocessing = 0;
			shellPath = /bin/sh;
			shellScript = "diff \"${PODS_PODFILE_DIR_PATH}/Podfile.lock\" \"${PODS_ROOT}/Manifest.lock\" > /dev/null\nif [ $? != 0 ] ; then\n    # print error to STDERR\n    echo \"error: The sandbox is not in sync with the Podfile.lock. Run 'pod install' or update your CocoaPods installation.\" >&2\n    exit 1\nfi\n# This output is used by Xcode 'outputs' to avoid re-running this script phase.\necho \"SUCCESS\" > \"${SCRIPT_OUTPUT_FILE_0}\"\n";
			showEnvVarsInLog = 0;
		};
		F0E8A73AF5FD69637CF5705D /* [CP] Embed Pods Frameworks */ = {
			isa = PBXShellScriptBuildPhase;
			buildActionMask = 2147483647;
			files = (
			);
			inputFileListPaths = (
			);
			inputPaths = (
			);
			name = "[CP] Embed Pods Frameworks";
			outputFileListPaths = (
			);
			outputPaths = (
			);
			runOnlyForDeploymentPostprocessing = 0;
			shellPath = /bin/sh;
			shellScript = "\"${SRCROOT}/Pods/Target Support Files/Pods-AnalyticFramework/Pods-AnalyticFramework-frameworks.sh\"\n";
			showEnvVarsInLog = 0;
		};
		F454BFC25D60F5BFBBA1F35D /* [CP] Copy Pods Resources */ = {
			isa = PBXShellScriptBuildPhase;
			buildActionMask = 2147483647;
			files = (
			);
			inputFileListPaths = (
			);
			inputPaths = (
			);
			name = "[CP] Copy Pods Resources";
			outputFileListPaths = (
			);
			outputPaths = (
			);
			runOnlyForDeploymentPostprocessing = 0;
			shellPath = /bin/sh;
			shellScript = "\"${SRCROOT}/Pods/Target Support Files/Pods-AnalyticFramework/Pods-AnalyticFramework-resources.sh\"\n";
			showEnvVarsInLog = 0;
		};
/* End PBXShellScriptBuildPhase section */

/* Begin PBXSourcesBuildPhase section */
		3553B1E5222AE6990030CDEA /* Sources */ = {
			isa = PBXSourcesBuildPhase;
			buildActionMask = 2147483647;
			files = (
				AE7B15EE22A5669B00FAA468 /* ExampleParameters.swift in Sources */,
				AEE8551622A6F80500C14622 /* WildcardEventTracker.swift in Sources */,
				3553B1EF222AE6990030CDEA /* ViewController.swift in Sources */,
				3553B219222AE7D20030CDEA /* AnalyticsScope.swift in Sources */,
				3553B216222AE7D20030CDEA /* EventTracker.swift in Sources */,
				3553B1ED222AE6990030CDEA /* AppDelegate.swift in Sources */,
				AE3774FF22A6C86A00B92B2F /* SimpleFailureHandler.swift in Sources */,
				AEE8551522A6F68600C14622 /* EmptyParameter.swift in Sources */,
				3553B214222AE7D20030CDEA /* Analytics.swift in Sources */,
				3553B218222AE7D20030CDEA /* AnalyticsEvent.swift in Sources */,
				AE3774FD22A6C7B200B92B2F /* FailureHandler.swift in Sources */,
				AE7B15F422A5680B00FAA468 /* EventTrackerKeys.swift in Sources */,
				3553B215222AE7D20030CDEA /* EventTrackerKey.swift in Sources */,
				AE7B15F022A5670700FAA468 /* ExampleTracker.swift in Sources */,
				AE3774EC22A5A26400B92B2F /* AnalyticsParameter.swift in Sources */,
				AE7B15F222A5678400FAA468 /* ExampleEvents.swift in Sources */,
				AE3774F122A6AD0F00B92B2F /* LaunchOnlyTracker.swift in Sources */,
			);
			runOnlyForDeploymentPostprocessing = 0;
		};
		3553B1F9222AE69A0030CDEA /* Sources */ = {
			isa = PBXSourcesBuildPhase;
			buildActionMask = 2147483647;
			files = (
				AE3774F722A6C0C300B92B2F /* MockNeverSupportedEventTracker.swift in Sources */,
				AE3774F522A6BFE300B92B2F /* AnalyticsParameterTests.swift in Sources */,
				3553B202222AE69A0030CDEA /* EventTrackerKeyTests.swift in Sources */,
				AE37750122A6CA0200B92B2F /* MockFailureHandler.swift in Sources */,
				AE3774F922A6C23300B92B2F /* MockAnalyticsEvent.swift in Sources */,
				AE3774F322A6BFA000B92B2F /* MockAlwaysSupportedEventTracker.swift in Sources */,
				AE3774FB22A6C34D00B92B2F /* MockAnalyticsParameter.swift in Sources */,
				AE3774EF22A6AAFA00B92B2F /* AnalyticsCoreTests.swift in Sources */,
			);
			runOnlyForDeploymentPostprocessing = 0;
		};
		AE37750622A6D58E00B92B2F /* Sources */ = {
			isa = PBXSourcesBuildPhase;
			buildActionMask = 2147483647;
			files = (
				AE37751722A6D5F700B92B2F /* ViewControllerTests.swift in Sources */,
			);
			runOnlyForDeploymentPostprocessing = 0;
		};
/* End PBXSourcesBuildPhase section */

/* Begin PBXTargetDependency section */
		3553B1FF222AE69A0030CDEA /* PBXTargetDependency */ = {
			isa = PBXTargetDependency;
			target = 3553B1E8222AE6990030CDEA /* AnalyticFramework */;
			targetProxy = 3553B1FE222AE69A0030CDEA /* PBXContainerItemProxy */;
		};
		AE37750422A6D58E00B92B2F /* PBXTargetDependency */ = {
			isa = PBXTargetDependency;
			target = 3553B1E8222AE6990030CDEA /* AnalyticFramework */;
			targetProxy = AE37750522A6D58E00B92B2F /* PBXContainerItemProxy */;
		};
/* End PBXTargetDependency section */

/* Begin PBXVariantGroup section */
		3553B1F0222AE6990030CDEA /* Main.storyboard */ = {
			isa = PBXVariantGroup;
			children = (
				3553B1F1222AE6990030CDEA /* Base */,
			);
			name = Main.storyboard;
			sourceTree = "<group>";
		};
		3553B1F5222AE69A0030CDEA /* LaunchScreen.storyboard */ = {
			isa = PBXVariantGroup;
			children = (
				3553B1F6222AE69A0030CDEA /* Base */,
			);
			name = LaunchScreen.storyboard;
			sourceTree = "<group>";
		};
/* End PBXVariantGroup section */

/* Begin XCBuildConfiguration section */
		3553B204222AE69A0030CDEA /* Debug */ = {
			isa = XCBuildConfiguration;
			buildSettings = {
				ALWAYS_SEARCH_USER_PATHS = NO;
				CLANG_ANALYZER_NONNULL = YES;
				CLANG_ANALYZER_NUMBER_OBJECT_CONVERSION = YES_AGGRESSIVE;
				CLANG_CXX_LANGUAGE_STANDARD = "gnu++14";
				CLANG_CXX_LIBRARY = "libc++";
				CLANG_ENABLE_MODULES = YES;
				CLANG_ENABLE_OBJC_ARC = YES;
				CLANG_ENABLE_OBJC_WEAK = YES;
				CLANG_WARN_BLOCK_CAPTURE_AUTORELEASING = YES;
				CLANG_WARN_BOOL_CONVERSION = YES;
				CLANG_WARN_COMMA = YES;
				CLANG_WARN_CONSTANT_CONVERSION = YES;
				CLANG_WARN_DEPRECATED_OBJC_IMPLEMENTATIONS = YES;
				CLANG_WARN_DIRECT_OBJC_ISA_USAGE = YES_ERROR;
				CLANG_WARN_DOCUMENTATION_COMMENTS = YES;
				CLANG_WARN_EMPTY_BODY = YES;
				CLANG_WARN_ENUM_CONVERSION = YES;
				CLANG_WARN_INFINITE_RECURSION = YES;
				CLANG_WARN_INT_CONVERSION = YES;
				CLANG_WARN_NON_LITERAL_NULL_CONVERSION = YES;
				CLANG_WARN_OBJC_IMPLICIT_RETAIN_SELF = YES;
				CLANG_WARN_OBJC_LITERAL_CONVERSION = YES;
				CLANG_WARN_OBJC_ROOT_CLASS = YES_ERROR;
				CLANG_WARN_RANGE_LOOP_ANALYSIS = YES;
				CLANG_WARN_STRICT_PROTOTYPES = YES;
				CLANG_WARN_SUSPICIOUS_MOVE = YES;
				CLANG_WARN_UNGUARDED_AVAILABILITY = YES_AGGRESSIVE;
				CLANG_WARN_UNREACHABLE_CODE = YES;
				CLANG_WARN__DUPLICATE_METHOD_MATCH = YES;
				CODE_SIGN_IDENTITY = "iPhone Developer";
				COPY_PHASE_STRIP = NO;
				DEBUG_INFORMATION_FORMAT = dwarf;
				ENABLE_STRICT_OBJC_MSGSEND = YES;
				ENABLE_TESTABILITY = YES;
				GCC_C_LANGUAGE_STANDARD = gnu11;
				GCC_DYNAMIC_NO_PIC = NO;
				GCC_NO_COMMON_BLOCKS = YES;
				GCC_OPTIMIZATION_LEVEL = 0;
				GCC_PREPROCESSOR_DEFINITIONS = (
					"DEBUG=1",
					"$(inherited)",
				);
				GCC_WARN_64_TO_32_BIT_CONVERSION = YES;
				GCC_WARN_ABOUT_RETURN_TYPE = YES_ERROR;
				GCC_WARN_UNDECLARED_SELECTOR = YES;
				GCC_WARN_UNINITIALIZED_AUTOS = YES_AGGRESSIVE;
				GCC_WARN_UNUSED_FUNCTION = YES;
				GCC_WARN_UNUSED_VARIABLE = YES;
				IPHONEOS_DEPLOYMENT_TARGET = 12.0;
				MTL_ENABLE_DEBUG_INFO = INCLUDE_SOURCE;
				MTL_FAST_MATH = YES;
				ONLY_ACTIVE_ARCH = NO;
				SDKROOT = iphoneos;
				SWIFT_ACTIVE_COMPILATION_CONDITIONS = DEBUG;
				SWIFT_OPTIMIZATION_LEVEL = "-Onone";
			};
			name = Debug;
		};
		3553B205222AE69A0030CDEA /* Release */ = {
			isa = XCBuildConfiguration;
			buildSettings = {
				ALWAYS_SEARCH_USER_PATHS = NO;
				CLANG_ANALYZER_NONNULL = YES;
				CLANG_ANALYZER_NUMBER_OBJECT_CONVERSION = YES_AGGRESSIVE;
				CLANG_CXX_LANGUAGE_STANDARD = "gnu++14";
				CLANG_CXX_LIBRARY = "libc++";
				CLANG_ENABLE_MODULES = YES;
				CLANG_ENABLE_OBJC_ARC = YES;
				CLANG_ENABLE_OBJC_WEAK = YES;
				CLANG_WARN_BLOCK_CAPTURE_AUTORELEASING = YES;
				CLANG_WARN_BOOL_CONVERSION = YES;
				CLANG_WARN_COMMA = YES;
				CLANG_WARN_CONSTANT_CONVERSION = YES;
				CLANG_WARN_DEPRECATED_OBJC_IMPLEMENTATIONS = YES;
				CLANG_WARN_DIRECT_OBJC_ISA_USAGE = YES_ERROR;
				CLANG_WARN_DOCUMENTATION_COMMENTS = YES;
				CLANG_WARN_EMPTY_BODY = YES;
				CLANG_WARN_ENUM_CONVERSION = YES;
				CLANG_WARN_INFINITE_RECURSION = YES;
				CLANG_WARN_INT_CONVERSION = YES;
				CLANG_WARN_NON_LITERAL_NULL_CONVERSION = YES;
				CLANG_WARN_OBJC_IMPLICIT_RETAIN_SELF = YES;
				CLANG_WARN_OBJC_LITERAL_CONVERSION = YES;
				CLANG_WARN_OBJC_ROOT_CLASS = YES_ERROR;
				CLANG_WARN_RANGE_LOOP_ANALYSIS = YES;
				CLANG_WARN_STRICT_PROTOTYPES = YES;
				CLANG_WARN_SUSPICIOUS_MOVE = YES;
				CLANG_WARN_UNGUARDED_AVAILABILITY = YES_AGGRESSIVE;
				CLANG_WARN_UNREACHABLE_CODE = YES;
				CLANG_WARN__DUPLICATE_METHOD_MATCH = YES;
				CODE_SIGN_IDENTITY = "iPhone Developer";
				COPY_PHASE_STRIP = NO;
				DEBUG_INFORMATION_FORMAT = "dwarf-with-dsym";
				ENABLE_NS_ASSERTIONS = NO;
				ENABLE_STRICT_OBJC_MSGSEND = YES;
				GCC_C_LANGUAGE_STANDARD = gnu11;
				GCC_NO_COMMON_BLOCKS = YES;
				GCC_WARN_64_TO_32_BIT_CONVERSION = YES;
				GCC_WARN_ABOUT_RETURN_TYPE = YES_ERROR;
				GCC_WARN_UNDECLARED_SELECTOR = YES;
				GCC_WARN_UNINITIALIZED_AUTOS = YES_AGGRESSIVE;
				GCC_WARN_UNUSED_FUNCTION = YES;
				GCC_WARN_UNUSED_VARIABLE = YES;
				IPHONEOS_DEPLOYMENT_TARGET = 12.0;
				MTL_ENABLE_DEBUG_INFO = NO;
				MTL_FAST_MATH = YES;
				SDKROOT = iphoneos;
				SWIFT_COMPILATION_MODE = wholemodule;
				SWIFT_OPTIMIZATION_LEVEL = "-O";
				VALIDATE_PRODUCT = YES;
			};
			name = Release;
		};
		3553B207222AE69A0030CDEA /* Debug */ = {
			isa = XCBuildConfiguration;
			baseConfigurationReference = 482C9B89E7DA2AEF62E2591F /* Pods-AnalyticFramework.debug.xcconfig */;
			buildSettings = {
				ASSETCATALOG_COMPILER_APPICON_NAME = AppIcon;
				CODE_SIGN_STYLE = Automatic;
				DEVELOPMENT_TEAM = N4T6W27592;
				INFOPLIST_FILE = AnalyticFrameworkApp/Info.plist;
				LD_RUNPATH_SEARCH_PATHS = (
					"$(inherited)",
					"@executable_path/Frameworks",
				);
				PRODUCT_BUNDLE_IDENTIFIER = com.tinginteractive.usms.AnalyticFramework;
				PRODUCT_NAME = "$(TARGET_NAME)";
				SWIFT_VERSION = 4.2;
				TARGETED_DEVICE_FAMILY = "1,2";
			};
			name = Debug;
		};
		3553B208222AE69A0030CDEA /* Release */ = {
			isa = XCBuildConfiguration;
			baseConfigurationReference = 3D6E5911F4AAD94C7BC6C8B9 /* Pods-AnalyticFramework.release.xcconfig */;
			buildSettings = {
				ASSETCATALOG_COMPILER_APPICON_NAME = AppIcon;
				CODE_SIGN_STYLE = Automatic;
				DEVELOPMENT_TEAM = N4T6W27592;
				INFOPLIST_FILE = AnalyticFrameworkApp/Info.plist;
				LD_RUNPATH_SEARCH_PATHS = (
					"$(inherited)",
					"@executable_path/Frameworks",
				);
				PRODUCT_BUNDLE_IDENTIFIER = com.tinginteractive.usms.AnalyticFramework;
				PRODUCT_NAME = "$(TARGET_NAME)";
				SWIFT_VERSION = 4.2;
				TARGETED_DEVICE_FAMILY = "1,2";
			};
			name = Release;
		};
		3553B20A222AE69A0030CDEA /* Debug */ = {
			isa = XCBuildConfiguration;
			buildSettings = {
				ALWAYS_EMBED_SWIFT_STANDARD_LIBRARIES = YES;
				BUNDLE_LOADER = "$(TEST_HOST)";
				CODE_SIGN_STYLE = Automatic;
				DEVELOPMENT_TEAM = N4T6W27592;
				INFOPLIST_FILE = AnalyticFrameworkTests/Info.plist;
				LD_RUNPATH_SEARCH_PATHS = (
					"$(inherited)",
					"@executable_path/Frameworks",
					"@loader_path/Frameworks",
				);
				PRODUCT_BUNDLE_IDENTIFIER = com.tinginteractive.usms.AnalyticFrameworkTests;
				PRODUCT_NAME = "$(TARGET_NAME)";
				SWIFT_VERSION = 4.2;
				TARGETED_DEVICE_FAMILY = "1,2";
				TEST_HOST = "$(BUILT_PRODUCTS_DIR)/AnalyticFramework.app/AnalyticFramework";
			};
			name = Debug;
		};
		3553B20B222AE69A0030CDEA /* Release */ = {
			isa = XCBuildConfiguration;
			buildSettings = {
				ALWAYS_EMBED_SWIFT_STANDARD_LIBRARIES = YES;
				BUNDLE_LOADER = "$(TEST_HOST)";
				CODE_SIGN_STYLE = Automatic;
				DEVELOPMENT_TEAM = N4T6W27592;
				INFOPLIST_FILE = AnalyticFrameworkTests/Info.plist;
				LD_RUNPATH_SEARCH_PATHS = (
					"$(inherited)",
					"@executable_path/Frameworks",
					"@loader_path/Frameworks",
				);
				PRODUCT_BUNDLE_IDENTIFIER = com.tinginteractive.usms.AnalyticFrameworkTests;
				PRODUCT_NAME = "$(TARGET_NAME)";
				SWIFT_VERSION = 4.2;
				TARGETED_DEVICE_FAMILY = "1,2";
				TEST_HOST = "$(BUILT_PRODUCTS_DIR)/AnalyticFramework.app/AnalyticFramework";
			};
			name = Release;
		};
		AE37751222A6D58E00B92B2F /* Debug */ = {
			isa = XCBuildConfiguration;
			buildSettings = {
				ALWAYS_EMBED_SWIFT_STANDARD_LIBRARIES = YES;
				BUNDLE_LOADER = "$(TEST_HOST)";
				CLANG_ENABLE_MODULES = YES;
				CODE_SIGN_STYLE = Automatic;
				DEVELOPMENT_TEAM = N4T6W27592;
				INFOPLIST_FILE = "AnalyticFrameworkAppTests-Info.plist";
				LD_RUNPATH_SEARCH_PATHS = (
					"$(inherited)",
					"@executable_path/Frameworks",
					"@loader_path/Frameworks",
				);
				PRODUCT_BUNDLE_IDENTIFIER = com.tinginteractive.usms.AnalyticFrameworkTests;
				PRODUCT_NAME = "$(TARGET_NAME)";
				SWIFT_OPTIMIZATION_LEVEL = "-Onone";
				SWIFT_VERSION = 4.2;
				TARGETED_DEVICE_FAMILY = "1,2";
				TEST_HOST = "$(BUILT_PRODUCTS_DIR)/AnalyticFramework.app/AnalyticFramework";
			};
			name = Debug;
		};
		AE37751322A6D58E00B92B2F /* Release */ = {
			isa = XCBuildConfiguration;
			buildSettings = {
				ALWAYS_EMBED_SWIFT_STANDARD_LIBRARIES = YES;
				BUNDLE_LOADER = "$(TEST_HOST)";
				CLANG_ENABLE_MODULES = YES;
				CODE_SIGN_STYLE = Automatic;
				DEVELOPMENT_TEAM = N4T6W27592;
				INFOPLIST_FILE = "AnalyticFrameworkAppTests-Info.plist";
				LD_RUNPATH_SEARCH_PATHS = (
					"$(inherited)",
					"@executable_path/Frameworks",
					"@loader_path/Frameworks",
				);
				PRODUCT_BUNDLE_IDENTIFIER = com.tinginteractive.usms.AnalyticFrameworkTests;
				PRODUCT_NAME = "$(TARGET_NAME)";
				SWIFT_VERSION = 4.2;
				TARGETED_DEVICE_FAMILY = "1,2";
				TEST_HOST = "$(BUILT_PRODUCTS_DIR)/AnalyticFramework.app/AnalyticFramework";
			};
			name = Release;
		};
/* End XCBuildConfiguration section */

/* Begin XCConfigurationList section */
		3553B1E4222AE6990030CDEA /* Build configuration list for PBXProject "AnalyticFramework" */ = {
			isa = XCConfigurationList;
			buildConfigurations = (
				3553B204222AE69A0030CDEA /* Debug */,
				3553B205222AE69A0030CDEA /* Release */,
			);
			defaultConfigurationIsVisible = 0;
			defaultConfigurationName = Release;
		};
		3553B206222AE69A0030CDEA /* Build configuration list for PBXNativeTarget "AnalyticFramework" */ = {
			isa = XCConfigurationList;
			buildConfigurations = (
				3553B207222AE69A0030CDEA /* Debug */,
				3553B208222AE69A0030CDEA /* Release */,
			);
			defaultConfigurationIsVisible = 0;
			defaultConfigurationName = Release;
		};
		3553B209222AE69A0030CDEA /* Build configuration list for PBXNativeTarget "AnalyticFrameworkTests" */ = {
			isa = XCConfigurationList;
			buildConfigurations = (
				3553B20A222AE69A0030CDEA /* Debug */,
				3553B20B222AE69A0030CDEA /* Release */,
			);
			defaultConfigurationIsVisible = 0;
			defaultConfigurationName = Release;
		};
		AE37751122A6D58E00B92B2F /* Build configuration list for PBXNativeTarget "AnalyticFrameworkAppTests" */ = {
			isa = XCConfigurationList;
			buildConfigurations = (
				AE37751222A6D58E00B92B2F /* Debug */,
				AE37751322A6D58E00B92B2F /* Release */,
			);
			defaultConfigurationIsVisible = 0;
			defaultConfigurationName = Release;
		};
/* End XCConfigurationList section */
	};
	rootObject = 3553B1E1222AE6990030CDEA /* Project object */;
}
